// !$*UTF8*$!
{
	archiveVersion = 1;
	classes = {
	};
	objectVersion = 56;
	objects = {

/* Begin PBXBuildFile section */
		4F144BE52B45620000FB1755 /* AsyncAwaitAndCombineAppApp.swift in Sources */ = {isa = PBXBuildFile; fileRef = 4F144BE42B45620000FB1755 /* AsyncAwaitAndCombineAppApp.swift */; };
		4F144BE72B45620000FB1755 /* ContentView.swift in Sources */ = {isa = PBXBuildFile; fileRef = 4F144BE62B45620000FB1755 /* ContentView.swift */; };
		4F144BE92B45620200FB1755 /* Assets.xcassets in Resources */ = {isa = PBXBuildFile; fileRef = 4F144BE82B45620200FB1755 /* Assets.xcassets */; };
		4F144BEC2B45620200FB1755 /* Preview Assets.xcassets in Resources */ = {isa = PBXBuildFile; fileRef = 4F144BEB2B45620200FB1755 /* Preview Assets.xcassets */; };
		4F144BF32B45621500FB1755 /* ContentViewModel.swift in Sources */ = {isa = PBXBuildFile; fileRef = 4F144BF22B45621500FB1755 /* ContentViewModel.swift */; };
		4F144BF82B45623300FB1755 /* CombinePublisher.swift in Sources */ = {isa = PBXBuildFile; fileRef = 4F144BF42B45623300FB1755 /* CombinePublisher.swift */; };
		4F144BF92B45623300FB1755 /* AsynchronousBridge.swift in Sources */ = {isa = PBXBuildFile; fileRef = 4F144BF52B45623300FB1755 /* AsynchronousBridge.swift */; };
		4F144BFA2B45623300FB1755 /* AsyncAwaitHandler.swift in Sources */ = {isa = PBXBuildFile; fileRef = 4F144BF62B45623300FB1755 /* AsyncAwaitHandler.swift */; };
		4F144BFB2B45623300FB1755 /* MyError.swift in Sources */ = {isa = PBXBuildFile; fileRef = 4F144BF72B45623300FB1755 /* MyError.swift */; };
/* End PBXBuildFile section */

/* Begin PBXFileReference section */
		4F144BE12B45620000FB1755 /* AsyncAwaitAndCombineApp.app */ = {isa = PBXFileReference; explicitFileType = wrapper.application; includeInIndex = 0; path = AsyncAwaitAndCombineApp.app; sourceTree = BUILT_PRODUCTS_DIR; };
		4F144BE42B45620000FB1755 /* AsyncAwaitAndCombineAppApp.swift */ = {isa = PBXFileReference; lastKnownFileType = sourcecode.swift; path = AsyncAwaitAndCombineAppApp.swift; sourceTree = "<group>"; };
		4F144BE62B45620000FB1755 /* ContentView.swift */ = {isa = PBXFileReference; lastKnownFileType = sourcecode.swift; path = ContentView.swift; sourceTree = "<group>"; };
		4F144BE82B45620200FB1755 /* Assets.xcassets */ = {isa = PBXFileReference; lastKnownFileType = folder.assetcatalog; path = Assets.xcassets; sourceTree = "<group>"; };
		4F144BEB2B45620200FB1755 /* Preview Assets.xcassets */ = {isa = PBXFileReference; lastKnownFileType = folder.assetcatalog; path = "Preview Assets.xcassets"; sourceTree = "<group>"; };
		4F144BF22B45621500FB1755 /* ContentViewModel.swift */ = {isa = PBXFileReference; lastKnownFileType = sourcecode.swift; path = ContentViewModel.swift; sourceTree = "<group>"; };
		4F144BF42B45623300FB1755 /* CombinePublisher.swift */ = {isa = PBXFileReference; fileEncoding = 4; lastKnownFileType = sourcecode.swift; path = CombinePublisher.swift; sourceTree = "<group>"; };
		4F144BF52B45623300FB1755 /* AsynchronousBridge.swift */ = {isa = PBXFileReference; fileEncoding = 4; lastKnownFileType = sourcecode.swift; path = AsynchronousBridge.swift; sourceTree = "<group>"; };
		4F144BF62B45623300FB1755 /* AsyncAwaitHandler.swift */ = {isa = PBXFileReference; fileEncoding = 4; lastKnownFileType = sourcecode.swift; path = AsyncAwaitHandler.swift; sourceTree = "<group>"; };
		4F144BF72B45623300FB1755 /* MyError.swift */ = {isa = PBXFileReference; fileEncoding = 4; lastKnownFileType = sourcecode.swift; path = MyError.swift; sourceTree = "<group>"; };
/* End PBXFileReference section */

/* Begin PBXFrameworksBuildPhase section */
		4F144BDE2B45620000FB1755 /* Frameworks */ = {
			isa = PBXFrameworksBuildPhase;
			buildActionMask = 2147483647;
			files = (
			);
			runOnlyForDeploymentPostprocessing = 0;
		};
/* End PBXFrameworksBuildPhase section */

/* Begin PBXGroup section */
		4F144BD82B45620000FB1755 = {
			isa = PBXGroup;
			children = (
				4F144BE32B45620000FB1755 /* AsyncAwaitAndCombineApp */,
				4F144BE22B45620000FB1755 /* Products */,
			);
			sourceTree = "<group>";
		};
		4F144BE22B45620000FB1755 /* Products */ = {
			isa = PBXGroup;
			children = (
				4F144BE12B45620000FB1755 /* AsyncAwaitAndCombineApp.app */,
			);
			name = Products;
			sourceTree = "<group>";
		};
		4F144BE32B45620000FB1755 /* AsyncAwaitAndCombineApp */ = {
			isa = PBXGroup;
			children = (
				4F144BE42B45620000FB1755 /* AsyncAwaitAndCombineAppApp.swift */,
				4F144BE62B45620000FB1755 /* ContentView.swift */,
				4F144BF22B45621500FB1755 /* ContentViewModel.swift */,
				4F144BF52B45623300FB1755 /* AsynchronousBridge.swift */,
				4F144BF62B45623300FB1755 /* AsyncAwaitHandler.swift */,
				4F144BF42B45623300FB1755 /* CombinePublisher.swift */,
				4F144BF72B45623300FB1755 /* MyError.swift */,
				4F144BE82B45620200FB1755 /* Assets.xcassets */,
				4F144BEA2B45620200FB1755 /* Preview Content */,
			);
			path = AsyncAwaitAndCombineApp;
			sourceTree = "<group>";
		};
		4F144BEA2B45620200FB1755 /* Preview Content */ = {
			isa = PBXGroup;
			children = (
				4F144BEB2B45620200FB1755 /* Preview Assets.xcassets */,
			);
			path = "Preview Content";
			sourceTree = "<group>";
		};
/* End PBXGroup section */

/* Begin PBXNativeTarget section */
		4F144BE02B45620000FB1755 /* AsyncAwaitAndCombineApp */ = {
			isa = PBXNativeTarget;
			buildConfigurationList = 4F144BEF2B45620200FB1755 /* Build configuration list for PBXNativeTarget "AsyncAwaitAndCombineApp" */;
			buildPhases = (
				4F144BDD2B45620000FB1755 /* Sources */,
				4F144BDE2B45620000FB1755 /* Frameworks */,
				4F144BDF2B45620000FB1755 /* Resources */,
			);
			buildRules = (
			);
			dependencies = (
			);
			name = AsyncAwaitAndCombineApp;
			productName = AsyncAwaitAndCombineApp;
			productReference = 4F144BE12B45620000FB1755 /* AsyncAwaitAndCombineApp.app */;
			productType = "com.apple.product-type.application";
		};
/* End PBXNativeTarget section */

/* Begin PBXProject section */
		4F144BD92B45620000FB1755 /* Project object */ = {
			isa = PBXProject;
			attributes = {
				BuildIndependentTargetsInParallel = 1;
				LastSwiftUpdateCheck = 1510;
				LastUpgradeCheck = 1510;
				TargetAttributes = {
					4F144BE02B45620000FB1755 = {
						CreatedOnToolsVersion = 15.1;
					};
				};
			};
			buildConfigurationList = 4F144BDC2B45620000FB1755 /* Build configuration list for PBXProject "AsyncAwaitAndCombineApp" */;
			compatibilityVersion = "Xcode 14.0";
			developmentRegion = en;
			hasScannedForEncodings = 0;
			knownRegions = (
				en,
				Base,
			);
			mainGroup = 4F144BD82B45620000FB1755;
			productRefGroup = 4F144BE22B45620000FB1755 /* Products */;
			projectDirPath = "";
			projectRoot = "";
			targets = (
				4F144BE02B45620000FB1755 /* AsyncAwaitAndCombineApp */,
			);
		};
/* End PBXProject section */

/* Begin PBXResourcesBuildPhase section */
		4F144BDF2B45620000FB1755 /* Resources */ = {
			isa = PBXResourcesBuildPhase;
			buildActionMask = 2147483647;
			files = (
				4F144BEC2B45620200FB1755 /* Preview Assets.xcassets in Resources */,
				4F144BE92B45620200FB1755 /* Assets.xcassets in Resources */,
			);
			runOnlyForDeploymentPostprocessing = 0;
		};
/* End PBXResourcesBuildPhase section */

/* Begin PBXSourcesBuildPhase section */
		4F144BDD2B45620000FB1755 /* Sources */ = {
			isa = PBXSourcesBuildPhase;
			buildActionMask = 2147483647;
			files = (
				4F144BFA2B45623300FB1755 /* AsyncAwaitHandler.swift in Sources */,
				4F144BFB2B45623300FB1755 /* MyError.swift in Sources */,
				4F144BF82B45623300FB1755 /* CombinePublisher.swift in Sources */,
				4F144BF92B45623300FB1755 /* AsynchronousBridge.swift in Sources */,
				4F144BE72B45620000FB1755 /* ContentView.swift in Sources */,
				4F144BE52B45620000FB1755 /* AsyncAwaitAndCombineAppApp.swift in Sources */,
				4F144BF32B45621500FB1755 /* ContentViewModel.swift in Sources */,
			);
			runOnlyForDeploymentPostprocessing = 0;
		};
/* End PBXSourcesBuildPhase section */

/* Begin XCBuildConfiguration section */
		4F144BED2B45620200FB1755 /* Debug */ = {
			isa = XCBuildConfiguration;
			buildSettings = {
				ALWAYS_SEARCH_USER_PATHS = NO;
				ASSETCATALOG_COMPILER_GENERATE_SWIFT_ASSET_SYMBOL_EXTENSIONS = YES;
				CLANG_ANALYZER_NONNULL = YES;
				CLANG_ANALYZER_NUMBER_OBJECT_CONVERSION = YES_AGGRESSIVE;
				CLANG_CXX_LANGUAGE_STANDARD = "gnu++20";
				CLANG_ENABLE_MODULES = YES;
				CLANG_ENABLE_OBJC_ARC = YES;
				CLANG_ENABLE_OBJC_WEAK = YES;
				CLANG_WARN_BLOCK_CAPTURE_AUTORELEASING = YES;
				CLANG_WARN_BOOL_CONVERSION = YES;
				CLANG_WARN_COMMA = YES;
				CLANG_WARN_CONSTANT_CONVERSION = YES;
				CLANG_WARN_DEPRECATED_OBJC_IMPLEMENTATIONS = YES;
				CLANG_WARN_DIRECT_OBJC_ISA_USAGE = YES_ERROR;
				CLANG_WARN_DOCUMENTATION_COMMENTS = YES;
				CLANG_WARN_EMPTY_BODY = YES;
				CLANG_WARN_ENUM_CONVERSION = YES;
				CLANG_WARN_INFINITE_RECURSION = YES;
				CLANG_WARN_INT_CONVERSION = YES;
				CLANG_WARN_NON_LITERAL_NULL_CONVERSION = YES;
				CLANG_WARN_OBJC_IMPLICIT_RETAIN_SELF = YES;
				CLANG_WARN_OBJC_LITERAL_CONVERSION = YES;
				CLANG_WARN_OBJC_ROOT_CLASS = YES_ERROR;
				CLANG_WARN_QUOTED_INCLUDE_IN_FRAMEWORK_HEADER = YES;
				CLANG_WARN_RANGE_LOOP_ANALYSIS = YES;
				CLANG_WARN_STRICT_PROTOTYPES = YES;
				CLANG_WARN_SUSPICIOUS_MOVE = YES;
				CLANG_WARN_UNGUARDED_AVAILABILITY = YES_AGGRESSIVE;
				CLANG_WARN_UNREACHABLE_CODE = YES;
				CLANG_WARN__DUPLICATE_METHOD_MATCH = YES;
				COPY_PHASE_STRIP = NO;
				DEBUG_INFORMATION_FORMAT = dwarf;
				ENABLE_STRICT_OBJC_MSGSEND = YES;
				ENABLE_TESTABILITY = YES;
				ENABLE_USER_SCRIPT_SANDBOXING = YES;
				GCC_C_LANGUAGE_STANDARD = gnu17;
				GCC_DYNAMIC_NO_PIC = NO;
				GCC_NO_COMMON_BLOCKS = YES;
				GCC_OPTIMIZATION_LEVEL = 0;
				GCC_PREPROCESSOR_DEFINITIONS = (
					"DEBUG=1",
					"$(inherited)",
				);
				GCC_WARN_64_TO_32_BIT_CONVERSION = YES;
				GCC_WARN_ABOUT_RETURN_TYPE = YES_ERROR;
				GCC_WARN_UNDECLARED_SELECTOR = YES;
				GCC_WARN_UNINITIALIZED_AUTOS = YES_AGGRESSIVE;
				GCC_WARN_UNUSED_FUNCTION = YES;
				GCC_WARN_UNUSED_VARIABLE = YES;
				IPHONEOS_DEPLOYMENT_TARGET = 17.2;
				LOCALIZATION_PREFERS_STRING_CATALOGS = YES;
				MTL_ENABLE_DEBUG_INFO = INCLUDE_SOURCE;
				MTL_FAST_MATH = YES;
				ONLY_ACTIVE_ARCH = YES;
				SDKROOT = iphoneos;
				SWIFT_ACTIVE_COMPILATION_CONDITIONS = "DEBUG $(inherited)";
				SWIFT_OPTIMIZATION_LEVEL = "-Onone";
			};
			name = Debug;
		};
		4F144BEE2B45620200FB1755 /* Release */ = {
			isa = XCBuildConfiguration;
			buildSettings = {
				ALWAYS_SEARCH_USER_PATHS = NO;
				ASSETCATALOG_COMPILER_GENERATE_SWIFT_ASSET_SYMBOL_EXTENSIONS = YES;
				CLANG_ANALYZER_NONNULL = YES;
				CLANG_ANALYZER_NUMBER_OBJECT_CONVERSION = YES_AGGRESSIVE;
				CLANG_CXX_LANGUAGE_STANDARD = "gnu++20";
				CLANG_ENABLE_MODULES = YES;
				CLANG_ENABLE_OBJC_ARC = YES;
				CLANG_ENABLE_OBJC_WEAK = YES;
				CLANG_WARN_BLOCK_CAPTURE_AUTORELEASING = YES;
				CLANG_WARN_BOOL_CONVERSION = YES;
				CLANG_WARN_COMMA = YES;
				CLANG_WARN_CONSTANT_CONVERSION = YES;
				CLANG_WARN_DEPRECATED_OBJC_IMPLEMENTATIONS = YES;
				CLANG_WARN_DIRECT_OBJC_ISA_USAGE = YES_ERROR;
				CLANG_WARN_DOCUMENTATION_COMMENTS = YES;
				CLANG_WARN_EMPTY_BODY = YES;
				CLANG_WARN_ENUM_CONVERSION = YES;
				CLANG_WARN_INFINITE_RECURSION = YES;
				CLANG_WARN_INT_CONVERSION = YES;
				CLANG_WARN_NON_LITERAL_NULL_CONVERSION = YES;
				CLANG_WARN_OBJC_IMPLICIT_RETAIN_SELF = YES;
				CLANG_WARN_OBJC_LITERAL_CONVERSION = YES;
				CLANG_WARN_OBJC_ROOT_CLASS = YES_ERROR;
				CLANG_WARN_QUOTED_INCLUDE_IN_FRAMEWORK_HEADER = YES;
				CLANG_WARN_RANGE_LOOP_ANALYSIS = YES;
				CLANG_WARN_STRICT_PROTOTYPES = YES;
				CLANG_WARN_SUSPICIOUS_MOVE = YES;
				CLANG_WARN_UNGUARDED_AVAILABILITY = YES_AGGRESSIVE;
				CLANG_WARN_UNREACHABLE_CODE = YES;
				CLANG_WARN__DUPLICATE_METHOD_MATCH = YES;
				COPY_PHASE_STRIP = NO;
				DEBUG_INFORMATION_FORMAT = "dwarf-with-dsym";
				ENABLE_NS_ASSERTIONS = NO;
				ENABLE_STRICT_OBJC_MSGSEND = YES;
				ENABLE_USER_SCRIPT_SANDBOXING = YES;
				GCC_C_LANGUAGE_STANDARD = gnu17;
				GCC_NO_COMMON_BLOCKS = YES;
				GCC_WARN_64_TO_32_BIT_CONVERSION = YES;
				GCC_WARN_ABOUT_RETURN_TYPE = YES_ERROR;
				GCC_WARN_UNDECLARED_SELECTOR = YES;
				GCC_WARN_UNINITIALIZED_AUTOS = YES_AGGRESSIVE;
				GCC_WARN_UNUSED_FUNCTION = YES;
				GCC_WARN_UNUSED_VARIABLE = YES;
				IPHONEOS_DEPLOYMENT_TARGET = 17.2;
				LOCALIZATION_PREFERS_STRING_CATALOGS = YES;
				MTL_ENABLE_DEBUG_INFO = NO;
				MTL_FAST_MATH = YES;
				SDKROOT = iphoneos;
				SWIFT_COMPILATION_MODE = wholemodule;
				VALIDATE_PRODUCT = YES;
			};
			name = Release;
		};
		4F144BF02B45620200FB1755 /* Debug */ = {
			isa = XCBuildConfiguration;
			buildSettings = {
				ASSETCATALOG_COMPILER_APPICON_NAME = AppIcon;
				ASSETCATALOG_COMPILER_GLOBAL_ACCENT_COLOR_NAME = AccentColor;
				CODE_SIGN_STYLE = Automatic;
				CURRENT_PROJECT_VERSION = 1;
				DEVELOPMENT_ASSET_PATHS = "\"AsyncAwaitAndCombineApp/Preview Content\"";
				DEVELOPMENT_TEAM = H5UNW2D34P;
				ENABLE_PREVIEWS = YES;
				GENERATE_INFOPLIST_FILE = YES;
				INFOPLIST_KEY_UIApplicationSceneManifest_Generation = YES;
				INFOPLIST_KEY_UIApplicationSupportsIndirectInputEvents = YES;
				INFOPLIST_KEY_UILaunchScreen_Generation = YES;
				INFOPLIST_KEY_UISupportedInterfaceOrientations_iPad = "UIInterfaceOrientationPortrait UIInterfaceOrientationPortraitUpsideDown UIInterfaceOrientationLandscapeLeft UIInterfaceOrientationLandscapeRight";
				INFOPLIST_KEY_UISupportedInterfaceOrientations_iPhone = "UIInterfaceOrientationPortrait UIInterfaceOrientationLandscapeLeft UIInterfaceOrientationLandscapeRight";
				LD_RUNPATH_SEARCH_PATHS = (
					"$(inherited)",
					"@executable_path/Frameworks",
				);
				MARKETING_VERSION = 1.0;
				PRODUCT_BUNDLE_IDENTIFIER = com.oldstar.AsyncAwaitAndCombineApp;
				PRODUCT_NAME = "$(TARGET_NAME)";
				SWIFT_EMIT_LOC_STRINGS = YES;
				SWIFT_VERSION = 5.0;
				TARGETED_DEVICE_FAMILY = "1,2";
			};
			name = Debug;
		};
		4F144BF12B45620200FB1755 /* Release */ = {
			isa = XCBuildConfiguration;
			buildSettings = {
				ASSETCATALOG_COMPILER_APPICON_NAME = AppIcon;
				ASSETCATALOG_COMPILER_GLOBAL_ACCENT_COLOR_NAME = AccentColor;
				CODE_SIGN_STYLE = Automatic;
				CURRENT_PROJECT_VERSION = 1;
				DEVELOPMENT_ASSET_PATHS = "\"AsyncAwaitAndCombineApp/Preview Content\"";
				DEVELOPMENT_TEAM = H5UNW2D34P;
				ENABLE_PREVIEWS = YES;
				GENERATE_INFOPLIST_FILE = YES;
				INFOPLIST_KEY_UIApplicationSceneManifest_Generation = YES;
				INFOPLIST_KEY_UIApplicationSupportsIndirectInputEvents = YES;
				INFOPLIST_KEY_UILaunchScreen_Generation = YES;
				INFOPLIST_KEY_UISupportedInterfaceOrientations_iPad = "UIInterfaceOrientationPortrait UIInterfaceOrientationPortraitUpsideDown UIInterfaceOrientationLandscapeLeft UIInterfaceOrientationLandscapeRight";
				INFOPLIST_KEY_UISupportedInterfaceOrientations_iPhone = "UIInterfaceOrientationPortrait UIInterfaceOrientationLandscapeLeft UIInterfaceOrientationLandscapeRight";
				LD_RUNPATH_SEARCH_PATHS = (
					"$(inherited)",
					"@executable_path/Frameworks",
				);
				MARKETING_VERSION = 1.0;
				PRODUCT_BUNDLE_IDENTIFIER = com.oldstar.AsyncAwaitAndCombineApp;
				PRODUCT_NAME = "$(TARGET_NAME)";
				SWIFT_EMIT_LOC_STRINGS = YES;
				SWIFT_VERSION = 5.0;
				TARGETED_DEVICE_FAMILY = "1,2";
			};
			name = Release;
		};
/* End XCBuildConfiguration section */

/* Begin XCConfigurationList section */
		4F144BDC2B45620000FB1755 /* Build configuration list for PBXProject "AsyncAwaitAndCombineApp" */ = {
			isa = XCConfigurationList;
			buildConfigurations = (
				4F144BED2B45620200FB1755 /* Debug */,
				4F144BEE2B45620200FB1755 /* Release */,
			);
			defaultConfigurationIsVisible = 0;
			defaultConfigurationName = Release;
		};
		4F144BEF2B45620200FB1755 /* Build configuration list for PBXNativeTarget "AsyncAwaitAndCombineApp" */ = {
			isa = XCConfigurationList;
			buildConfigurations = (
				4F144BF02B45620200FB1755 /* Debug */,
				4F144BF12B45620200FB1755 /* Release */,
			);
			defaultConfigurationIsVisible = 0;
			defaultConfigurationName = Release;
		};
/* End XCConfigurationList section */
	};
	rootObject = 4F144BD92B45620000FB1755 /* Project object */;
}
